
Microsoft Visual Studio Solution File, Format Version 12.00
Project("{FAE04EC0-301F-11D3-BF4B-00C04F79EFBC}") = "TappWeb", "TappWeb\TappWeb.csproj", "{B505A206-3BD9-49E4-9055-1B0B3A749126}"
EndProject
Global
	GlobalSection(SolutionConfigurationPlatforms) = preSolution
		Debug|Any CPU = Debug|Any CPU
		Release|Any CPU = Release|Any CPU
	EndGlobalSection
	GlobalSection(ProjectConfigurationPlatforms) = postSolution
		{B505A206-3BD9-49E4-9055-1B0B3A749126}.Debug|Any CPU.ActiveCfg = Debug|Any CPU
		{B505A206-3BD9-49E4-9055-1B0B3A749126}.Debug|Any CPU.Build.0 = Debug|Any CPU
		{B505A206-3BD9-49E4-9055-1B0B3A749126}.Release|Any CPU.ActiveCfg = Release|Any CPU
		{B505A206-3BD9-49E4-9055-1B0B3A749126}.Release|Any CPU.Build.0 = Release|Any CPU
	EndGlobalSection
EndGlobal
